
Microsoft Visual Studio Solution File, Format Version 12.00
# Visual Studio 15
VisualStudioVersion = 15.0.26124.0
MinimumVisualStudioVersion = 15.0.26124.0
Project("{FAE04EC0-301F-11D3-BF4B-00C04F79EFBC}") = "badgie-migrator", "App\badgie-migrator.csproj", "{7946984C-620B-4A63-957C-31AEEF55659D}"
EndProject
Project("{FAE04EC0-301F-11D3-BF4B-00C04F79EFBC}") = "Badgie.Migrator.Tests", "Tests\Badgie.Migrator.Tests.csproj", "{8BCA1D73-F178-4463-88BD-2784A8218753}"
EndProject
Global
	GlobalSection(SolutionConfigurationPlatforms) = preSolution
		Debug|Any CPU = Debug|Any CPU
		Debug|x64 = Debug|x64
		Debug|x86 = Debug|x86
		Release|Any CPU = Release|Any CPU
		Release|x64 = Release|x64
		Release|x86 = Release|x86
	EndGlobalSection
	GlobalSection(SolutionProperties) = preSolution
		HideSolutionNode = FALSE
	EndGlobalSection
	GlobalSection(ProjectConfigurationPlatforms) = postSolution
		{7946984C-620B-4A63-957C-31AEEF55659D}.Debug|Any CPU.ActiveCfg = Debug|Any CPU
		{7946984C-620B-4A63-957C-31AEEF55659D}.Debug|Any CPU.Build.0 = Debug|Any CPU
		{7946984C-620B-4A63-957C-31AEEF55659D}.Debug|x64.ActiveCfg = Debug|Any CPU
		{7946984C-620B-4A63-957C-31AEEF55659D}.Debug|x64.Build.0 = Debug|Any CPU
		{7946984C-620B-4A63-957C-31AEEF55659D}.Debug|x86.ActiveCfg = Debug|Any CPU
		{7946984C-620B-4A63-957C-31AEEF55659D}.Debug|x86.Build.0 = Debug|Any CPU
		{7946984C-620B-4A63-957C-31AEEF55659D}.Release|Any CPU.ActiveCfg = Release|Any CPU
		{7946984C-620B-4A63-957C-31AEEF55659D}.Release|Any CPU.Build.0 = Release|Any CPU
		{7946984C-620B-4A63-957C-31AEEF55659D}.Release|x64.ActiveCfg = Release|Any CPU
		{7946984C-620B-4A63-957C-31AEEF55659D}.Release|x64.Build.0 = Release|Any CPU
		{7946984C-620B-4A63-957C-31AEEF55659D}.Release|x86.ActiveCfg = Release|Any CPU
		{7946984C-620B-4A63-957C-31AEEF55659D}.Release|x86.Build.0 = Release|Any CPU
		{8BCA1D73-F178-4463-88BD-2784A8218753}.Debug|Any CPU.ActiveCfg = Debug|Any CPU
		{8BCA1D73-F178-4463-88BD-2784A8218753}.Debug|Any CPU.Build.0 = Debug|Any CPU
		{8BCA1D73-F178-4463-88BD-2784A8218753}.Debug|x64.ActiveCfg = Debug|Any CPU
		{8BCA1D73-F178-4463-88BD-2784A8218753}.Debug|x64.Build.0 = Debug|Any CPU
		{8BCA1D73-F178-4463-88BD-2784A8218753}.Debug|x86.ActiveCfg = Debug|Any CPU
		{8BCA1D73-F178-4463-88BD-2784A8218753}.Debug|x86.Build.0 = Debug|Any CPU
		{8BCA1D73-F178-4463-88BD-2784A8218753}.Release|Any CPU.ActiveCfg = Release|Any CPU
		{8BCA1D73-F178-4463-88BD-2784A8218753}.Release|Any CPU.Build.0 = Release|Any CPU
		{8BCA1D73-F178-4463-88BD-2784A8218753}.Release|x64.ActiveCfg = Release|Any CPU
		{8BCA1D73-F178-4463-88BD-2784A8218753}.Release|x64.Build.0 = Release|Any CPU
		{8BCA1D73-F178-4463-88BD-2784A8218753}.Release|x86.ActiveCfg = Release|Any CPU
		{8BCA1D73-F178-4463-88BD-2784A8218753}.Release|x86.Build.0 = Release|Any CPU
	EndGlobalSection
EndGlobal
